
Microsoft Visual Studio Solution File, Format Version 12.00
# Visual Studio Version 17
VisualStudioVersion = 17.3.32811.315
MinimumVisualStudioVersion = 10.0.40219.1
Project("{FAE04EC0-301F-11D3-BF4B-00C04F79EFBC}") = "DistinctWordsApp", "DistinctWordsApp.csproj", "{1A179893-3948-4DD3-BCA4-797BE9D8A086}"
EndProject
Global
	GlobalSection(SolutionConfigurationPlatforms) = preSolution
		Debug|Any CPU = Debug|Any CPU
		Release|Any CPU = Release|Any CPU
	EndGlobalSection
	GlobalSection(ProjectConfigurationPlatforms) = postSolution
		{1A179893-3948-4DD3-BCA4-797BE9D8A086}.Debug|Any CPU.ActiveCfg = Debug|Any CPU
		{1A179893-3948-4DD3-BCA4-797BE9D8A086}.Debug|Any CPU.Build.0 = Debug|Any CPU
		{1A179893-3948-4DD3-BCA4-797BE9D8A086}.Release|Any CPU.ActiveCfg = Release|Any CPU
		{1A179893-3948-4DD3-BCA4-797BE9D8A086}.Release|Any CPU.Build.0 = Release|Any CPU
	EndGlobalSection
	GlobalSection(SolutionProperties) = preSolution
		HideSolutionNode = FALSE
	EndGlobalSection
	GlobalSection(ExtensibilityGlobals) = postSolution
		SolutionGuid = {CA3B24C7-D32C-4E55-B5B2-91F764AF4AD9}
	EndGlobalSection
EndGlobal
